
Microsoft Visual Studio Solution File, Format Version 12.00
# Visual Studio Version 17
VisualStudioVersion = 17.6.33815.320
MinimumVisualStudioVersion = 10.0.40219.1
Project("{FAE04EC0-301F-11D3-BF4B-00C04F79EFBC}") = "server_chat", "srever_chat\server_chat.csproj", "{664CC991-0552-4A07-BE15-A68956228711}"
EndProject
Project("{FAE04EC0-301F-11D3-BF4B-00C04F79EFBC}") = "ChatHost", "ChatHost\ChatHost.csproj", "{D01C7FCA-0652-45B4-9063-F6BC7A0C798B}"
EndProject
Project("{FAE04EC0-301F-11D3-BF4B-00C04F79EFBC}") = "ChatCliet", "ChatCliet\ChatCliet.csproj", "{D5D859BE-3FCE-43EC-B02A-D433AB6DDBC1}"
EndProject
Global
	GlobalSection(SolutionConfigurationPlatforms) = preSolution
		Debug|Any CPU = Debug|Any CPU
		Release|Any CPU = Release|Any CPU
	EndGlobalSection
	GlobalSection(ProjectConfigurationPlatforms) = postSolution
		{664CC991-0552-4A07-BE15-A68956228711}.Debug|Any CPU.ActiveCfg = Debug|Any CPU
		{664CC991-0552-4A07-BE15-A68956228711}.Debug|Any CPU.Build.0 = Debug|Any CPU
		{664CC991-0552-4A07-BE15-A68956228711}.Release|Any CPU.ActiveCfg = Release|Any CPU
		{664CC991-0552-4A07-BE15-A68956228711}.Release|Any CPU.Build.0 = Release|Any CPU
		{D01C7FCA-0652-45B4-9063-F6BC7A0C798B}.Debug|Any CPU.ActiveCfg = Debug|Any CPU
		{D01C7FCA-0652-45B4-9063-F6BC7A0C798B}.Debug|Any CPU.Build.0 = Debug|Any CPU
		{D01C7FCA-0652-45B4-9063-F6BC7A0C798B}.Release|Any CPU.ActiveCfg = Release|Any CPU
		{D01C7FCA-0652-45B4-9063-F6BC7A0C798B}.Release|Any CPU.Build.0 = Release|Any CPU
		{D5D859BE-3FCE-43EC-B02A-D433AB6DDBC1}.Debug|Any CPU.ActiveCfg = Debug|Any CPU
		{D5D859BE-3FCE-43EC-B02A-D433AB6DDBC1}.Debug|Any CPU.Build.0 = Debug|Any CPU
		{D5D859BE-3FCE-43EC-B02A-D433AB6DDBC1}.Release|Any CPU.ActiveCfg = Release|Any CPU
		{D5D859BE-3FCE-43EC-B02A-D433AB6DDBC1}.Release|Any CPU.Build.0 = Release|Any CPU
	EndGlobalSection
	GlobalSection(SolutionProperties) = preSolution
		HideSolutionNode = FALSE
	EndGlobalSection
	GlobalSection(ExtensibilityGlobals) = postSolution
		SolutionGuid = {D26C9C33-6E3D-459D-AA3C-F3D34E69113D}
	EndGlobalSection
EndGlobal
